<Solution>
  <Folder Name="/src/">
    <Project Path="src/SmsBridge.Client.Shared/SmsBridge.Client.Shared.csproj" />
    <Project Path="src/SmsBridge.Desktop/SmsBridge.Desktop.csproj" />
    <Project Path="src/SmsBridge.Relay/SmsBridge.Relay.csproj" />
    <Project Path="src/SmsBridge.Shared/SmsBridge.Shared.csproj" />
  </Folder>
  <Folder Name="/tools/">
    <Project Path="tools/SmsBridge.Simulator/SmsBridge.Simulator.csproj" />
  </Folder>
  <Project Path="src/SmsBridge.Mobile/SmsBridge.Mobile.csproj" Id="04e42b3e-feb0-4449-b792-fe9f9b529b85">
    <Deploy Solution="Debug|*" />
  </Project>
</Solution>
