<Solution>
  <Folder Name="/src/">
    <Project Path="src/SmsBridge.Desktop/SmsBridge.Desktop.csproj" />
    <Project Path="src/SmsBridge.Relay/SmsBridge.Relay.csproj" />
    <Project Path="src/SmsBridge.Shared/SmsBridge.Shared.csproj" />
  </Folder>
  <Folder Name="/tools/">
    <Project Path="tools/SmsBridge.Simulator/SmsBridge.Simulator.csproj" />
  </Folder>
</Solution>
